github.com/golang-jwt/jwt/v5 v5.2.1 h1:OuVbFODueb089Lh128TAcimifWaLhJwVflnrgM17wHk=
github.com/golang-jwt/jwt/v5 v5.2.1/go.mod h1:pqrtFR0X4osieyHYxtmOUWsAWrfe1Q5UVIyoH402zdk=
github.com/softika/auth v0.0.0-20241031194658-bec2b38a9d40 h1:nGKiM8SUQqQiDvq5HTCYEHrsHC/YTah8wVZw3Blq3DM=
github.com/softika/auth v0.0.0-20241031194658-bec2b38a9d40/go.mod h1:u35xXg+nmscJKYCyRthVD9JeUr7dBHqVLDRR0T9E7uI=
github.com/softika/auth v0.0.1 h1:8rSy6n+Dk709WoE2Urd6EdjcuQDdHzNCt7YnoL7xms4=
github.com/softika/auth v0.0.1/go.mod h1:u35xXg+nmscJKYCyRthVD9JeUr7dBHqVLDRR0T9E7uI=
